<?xml version="1.0" encoding="utf-8"?>
<Project ToolsVersion="4.0" xmlns="http://schemas.microsoft.com/developer/msbuild/2003">
  <ItemGroup>
    <Filter Include="リソース ファイル">
      <UniqueIdentifier>{67DA6AB6-F800-4c08-8B7A-83BB121AAD01}</UniqueIdentifier>
      <Extensions>rc;ico;cur;bmp;dlg;rc2;rct;bin;rgs;gif;jpg;jpeg;jpe;resx;tiff;tif;png;wav;mfcribbon-ms</Extensions>
    </Filter>
    <Filter Include="src">
      <UniqueIdentifier>{4de044b7-055b-45d0-855c-0ef5f3fd227d}</UniqueIdentifier>
    </Filter>
    <Filter Include="scenefiles">
      <UniqueIdentifier>{1cd0d007-35a2-4f09-9014-e355b50475c0}</UniqueIdentifier>
    </Filter>
    <Filter Include="src\bmpexporter">
      <UniqueIdentifier>{879b5088-3424-4af4-8914-c6dc000c942a}</UniqueIdentifier>
    </Filter>
    <Filter Include="src\vecmath">
      <UniqueIdentifier>{caa7bb5f-6570-42c8-9e7e-86fa7432d64f}</UniqueIdentifier>
    </Filter>
  </ItemGroup>
  <ItemGroup>
    <ClCompile Include="..\src\App.cpp">
      <Filter>src</Filter>
    </ClCompile>
    <ClCompile Include="..\src\BBox.cpp">
      <Filter>src</Filter>
    </ClCompile>
    <ClCompile Include="..\src\BmpFileView.cpp">
      <Filter>src</Filter>
    </ClCompile>
    <ClCompile Include="..\src\BVH.cpp">
      <Filter>src</Filter>
    </ClCompile>
    <ClCompile Include="..\src\Common.cpp">
      <Filter>src</Filter>
    </ClCompile>
    <ClCompile Include="..\src\Config.cpp">
      <Filter>src</Filter>
    </ClCompile>
    <ClCompile Include="..\src\File.cpp">
      <Filter>src</Filter>
    </ClCompile>
    <ClCompile Include="..\src\LightSource.cpp">
      <Filter>src</Filter>
    </ClCompile>
    <ClCompile Include="..\src\main.cpp">
      <Filter>src</Filter>
    </ClCompile>
    <ClCompile Include="..\src\MeshLoader.cpp">
      <Filter>src</Filter>
    </ClCompile>
    <ClCompile Include="..\src\ObjLoader.cpp">
      <Filter>src</Filter>
    </ClCompile>
    <ClCompile Include="..\src\ONB.cpp">
      <Filter>src</Filter>
    </ClCompile>
    <ClCompile Include="..\src\OpenGLView.cpp">
      <Filter>src</Filter>
    </ClCompile>
    <ClCompile Include="..\src\PerlinNoise.cpp">
      <Filter>src</Filter>
    </ClCompile>
    <ClCompile Include="..\src\PhotonFilter.cpp">
      <Filter>src</Filter>
    </ClCompile>
    <ClCompile Include="..\src\PhotonMap.cpp">
      <Filter>src</Filter>
    </ClCompile>
    <ClCompile Include="..\src\PhotonMapRenderer.cpp">
      <Filter>src</Filter>
    </ClCompile>
    <ClCompile Include="..\src\PhotonMapRenderer2.cpp">
      <Filter>src</Filter>
    </ClCompile>
    <ClCompile Include="..\src\PostEffect.cpp">
      <Filter>src</Filter>
    </ClCompile>
    <ClCompile Include="..\src\QBVHBase.cpp">
      <Filter>src</Filter>
    </ClCompile>
    <ClCompile Include="..\src\Ray.cpp">
      <Filter>src</Filter>
    </ClCompile>
    <ClCompile Include="..\src\RayTracingRenderer.cpp">
      <Filter>src</Filter>
    </ClCompile>
    <ClCompile Include="..\src\Scene.cpp">
      <Filter>src</Filter>
    </ClCompile>
    <ClCompile Include="..\src\SIMD_QBVH.cpp">
      <Filter>src</Filter>
    </ClCompile>
    <ClCompile Include="..\src\SimpleArithmetic.cpp">
      <Filter>src</Filter>
    </ClCompile>
    <ClCompile Include="..\src\SISD_QBVH.cpp">
      <Filter>src</Filter>
    </ClCompile>
    <ClCompile Include="..\src\StringUtils.cpp">
      <Filter>src</Filter>
    </ClCompile>
    <ClCompile Include="..\src\Timer.cpp">
      <Filter>src</Filter>
    </ClCompile>
    <ClCompile Include="..\src\bmpexporter\bmpexporter.cpp">
      <Filter>src\bmpexporter</Filter>
    </ClCompile>
    <ClCompile Include="..\src\vecmath\matrix4.cpp">
      <Filter>src\vecmath</Filter>
    </ClCompile>
    <ClCompile Include="..\src\vecmath\quat4.cpp">
      <Filter>src\vecmath</Filter>
    </ClCompile>
  </ItemGroup>
  <ItemGroup>
    <ClInclude Include="..\src\App.h">
      <Filter>src</Filter>
    </ClInclude>
    <ClInclude Include="..\src\BBox.h">
      <Filter>src</Filter>
    </ClInclude>
    <ClInclude Include="..\src\BmpFileView.h">
      <Filter>src</Filter>
    </ClInclude>
    <ClInclude Include="..\src\BVH.h">
      <Filter>src</Filter>
    </ClInclude>
    <ClInclude Include="..\src\BVHType.h">
      <Filter>src</Filter>
    </ClInclude>
    <ClInclude Include="..\src\Common.h">
      <Filter>src</Filter>
    </ClInclude>
    <ClInclude Include="..\src\Config.h">
      <Filter>src</Filter>
    </ClInclude>
    <ClInclude Include="..\src\File.h">
      <Filter>src</Filter>
    </ClInclude>
    <ClInclude Include="..\src\IRenderer.h">
      <Filter>src</Filter>
    </ClInclude>
    <ClInclude Include="..\src\IView.h">
      <Filter>src</Filter>
    </ClInclude>
    <ClInclude Include="..\src\LightSource.h">
      <Filter>src</Filter>
    </ClInclude>
    <ClInclude Include="..\src\Material.h">
      <Filter>src</Filter>
    </ClInclude>
    <ClInclude Include="..\src\MeshLoader.h">
      <Filter>src</Filter>
    </ClInclude>
    <ClInclude Include="..\src\ObjLoader.h">
      <Filter>src</Filter>
    </ClInclude>
    <ClInclude Include="..\src\ONB.h">
      <Filter>src</Filter>
    </ClInclude>
    <ClInclude Include="..\src\OpenGLView.h">
      <Filter>src</Filter>
    </ClInclude>
    <ClInclude Include="..\src\PerlinNoise.h">
      <Filter>src</Filter>
    </ClInclude>
    <ClInclude Include="..\src\PhotonFilter.h">
      <Filter>src</Filter>
    </ClInclude>
    <ClInclude Include="..\src\PhotonMap.h">
      <Filter>src</Filter>
    </ClInclude>
    <ClInclude Include="..\src\PhotonMapRenderer.h">
      <Filter>src</Filter>
    </ClInclude>
    <ClInclude Include="..\src\PhotonMapRenderer2.h">
      <Filter>src</Filter>
    </ClInclude>
    <ClInclude Include="..\src\PostEffect.h">
      <Filter>src</Filter>
    </ClInclude>
    <ClInclude Include="..\src\QBVHBase.h">
      <Filter>src</Filter>
    </ClInclude>
    <ClInclude Include="..\src\Random.h">
      <Filter>src</Filter>
    </ClInclude>
    <ClInclude Include="..\src\Ray.h">
      <Filter>src</Filter>
    </ClInclude>
    <ClInclude Include="..\src\RayTracingRenderer.h">
      <Filter>src</Filter>
    </ClInclude>
    <ClInclude Include="..\src\Scene.h">
      <Filter>src</Filter>
    </ClInclude>
    <ClInclude Include="..\src\SIMD.h">
      <Filter>src</Filter>
    </ClInclude>
    <ClInclude Include="..\src\SIMD_QBVH.h">
      <Filter>src</Filter>
    </ClInclude>
    <ClInclude Include="..\src\SimpleArithmetic.h">
      <Filter>src</Filter>
    </ClInclude>
    <ClInclude Include="..\src\SISD_QBVH.h">
      <Filter>src</Filter>
    </ClInclude>
    <ClInclude Include="..\src\StringUtils.h">
      <Filter>src</Filter>
    </ClInclude>
    <ClInclude Include="..\src\Timer.h">
      <Filter>src</Filter>
    </ClInclude>
    <ClInclude Include="..\src\bmpexporter\bmpexporter.h">
      <Filter>src\bmpexporter</Filter>
    </ClInclude>
    <ClInclude Include="..\src\vecmath\color4.h">
      <Filter>src\vecmath</Filter>
    </ClInclude>
    <ClInclude Include="..\src\vecmath\matrix4.h">
      <Filter>src\vecmath</Filter>
    </ClInclude>
    <ClInclude Include="..\src\vecmath\point2.h">
      <Filter>src\vecmath</Filter>
    </ClInclude>
    <ClInclude Include="..\src\vecmath\point3.h">
      <Filter>src\vecmath</Filter>
    </ClInclude>
    <ClInclude Include="..\src\vecmath\point4.h">
      <Filter>src\vecmath</Filter>
    </ClInclude>
    <ClInclude Include="..\src\vecmath\quat4.h">
      <Filter>src\vecmath</Filter>
    </ClInclude>
    <ClInclude Include="..\src\vecmath\tuple2.h">
      <Filter>src\vecmath</Filter>
    </ClInclude>
    <ClInclude Include="..\src\vecmath\tuple3.h">
      <Filter>src\vecmath</Filter>
    </ClInclude>
    <ClInclude Include="..\src\vecmath\vector3.h">
      <Filter>src\vecmath</Filter>
    </ClInclude>
  </ItemGroup>
  <ItemGroup>
    <None Include="..\bin\SceneFiles\BBTest.scene">
      <Filter>scenefiles</Filter>
    </None>
    <None Include="..\bin\SceneFiles\cornell_box.scene">
      <Filter>scenefiles</Filter>
    </None>
    <None Include="..\bin\SceneFiles\cornell_box_sphere.scene">
      <Filter>scenefiles</Filter>
    </None>
    <None Include="..\bin\SceneFiles\right_venus_cuboids.scene">
      <Filter>scenefiles</Filter>
    </None>
    <None Include="..\bin\SceneFiles\simple.scene">
      <Filter>scenefiles</Filter>
    </None>
    <None Include="..\bin\SceneFiles\venus.scene">
      <Filter>scenefiles</Filter>
    </None>
    <None Include="..\bin\SceneFiles\venus_cuboids.scene">
      <Filter>scenefiles</Filter>
    </None>
    <None Include="..\bin\SceneFiles\render1h.scene">
      <Filter>scenefiles</Filter>
    </None>
  </ItemGroup>
</Project>