// !$*UTF8*$!
{
	archiveVersion = 1;
	classes = {
	};
	objectVersion = 46;
	objects = {

/* Begin PBXBuildFile section */
		B2382CEF18320BCD00785336 /* BRDF.cpp in Sources */ = {isa = PBXBuildFile; fileRef = B2382CED18320BCD00785336 /* BRDF.cpp */; };
		B2B34C6917E43A880035D0A5 /* App.cpp in Sources */ = {isa = PBXBuildFile; fileRef = B2B34C1D17E43A880035D0A5 /* App.cpp */; };
		B2B34C6A17E43A880035D0A5 /* BBox.cpp in Sources */ = {isa = PBXBuildFile; fileRef = B2B34C1F17E43A880035D0A5 /* BBox.cpp */; };
		B2B34C6B17E43A880035D0A5 /* bmpexporter.cpp in Sources */ = {isa = PBXBuildFile; fileRef = B2B34C2217E43A880035D0A5 /* bmpexporter.cpp */; };
		B2B34C6C17E43A880035D0A5 /* BmpFileView.cpp in Sources */ = {isa = PBXBuildFile; fileRef = B2B34C2417E43A880035D0A5 /* BmpFileView.cpp */; };
		B2B34C6D17E43A880035D0A5 /* BVH.cpp in Sources */ = {isa = PBXBuildFile; fileRef = B2B34C2617E43A880035D0A5 /* BVH.cpp */; };
		B2B34C6E17E43A880035D0A5 /* Common.cpp in Sources */ = {isa = PBXBuildFile; fileRef = B2B34C2917E43A880035D0A5 /* Common.cpp */; };
		B2B34C6F17E43A880035D0A5 /* Config.cpp in Sources */ = {isa = PBXBuildFile; fileRef = B2B34C2B17E43A880035D0A5 /* Config.cpp */; };
		B2B34C7017E43A880035D0A5 /* File.cpp in Sources */ = {isa = PBXBuildFile; fileRef = B2B34C2D17E43A880035D0A5 /* File.cpp */; };
		B2B34C7117E43A880035D0A5 /* LightSource.cpp in Sources */ = {isa = PBXBuildFile; fileRef = B2B34C3117E43A880035D0A5 /* LightSource.cpp */; };
		B2B34C7217E43A880035D0A5 /* main.cpp in Sources */ = {isa = PBXBuildFile; fileRef = B2B34C3317E43A880035D0A5 /* main.cpp */; };
		B2B34C7317E43A880035D0A5 /* MeshLoader.cpp in Sources */ = {isa = PBXBuildFile; fileRef = B2B34C3517E43A880035D0A5 /* MeshLoader.cpp */; };
		B2B34C7417E43A880035D0A5 /* ObjLoader.cpp in Sources */ = {isa = PBXBuildFile; fileRef = B2B34C3717E43A880035D0A5 /* ObjLoader.cpp */; };
		B2B34C7517E43A880035D0A5 /* ONB.cpp in Sources */ = {isa = PBXBuildFile; fileRef = B2B34C3917E43A880035D0A5 /* ONB.cpp */; };
		B2B34C7617E43A880035D0A5 /* OpenGLView.cpp in Sources */ = {isa = PBXBuildFile; fileRef = B2B34C3B17E43A880035D0A5 /* OpenGLView.cpp */; };
		B2B34C7717E43A880035D0A5 /* PerlinNoise.cpp in Sources */ = {isa = PBXBuildFile; fileRef = B2B34C3D17E43A880035D0A5 /* PerlinNoise.cpp */; };
		B2B34C7817E43A880035D0A5 /* PhotonFilter.cpp in Sources */ = {isa = PBXBuildFile; fileRef = B2B34C3F17E43A880035D0A5 /* PhotonFilter.cpp */; };
		B2B34C7917E43A880035D0A5 /* PhotonMap.cpp in Sources */ = {isa = PBXBuildFile; fileRef = B2B34C4117E43A880035D0A5 /* PhotonMap.cpp */; };
		B2B34C7A17E43A880035D0A5 /* PhotonMapRenderer.cpp in Sources */ = {isa = PBXBuildFile; fileRef = B2B34C4317E43A880035D0A5 /* PhotonMapRenderer.cpp */; };
		B2B34C7B17E43A880035D0A5 /* PhotonMapRenderer2.cpp in Sources */ = {isa = PBXBuildFile; fileRef = B2B34C4517E43A880035D0A5 /* PhotonMapRenderer2.cpp */; };
		B2B34C7C17E43A880035D0A5 /* PostEffect.cpp in Sources */ = {isa = PBXBuildFile; fileRef = B2B34C4717E43A880035D0A5 /* PostEffect.cpp */; };
		B2B34C7D17E43A880035D0A5 /* QBVHBase.cpp in Sources */ = {isa = PBXBuildFile; fileRef = B2B34C4917E43A880035D0A5 /* QBVHBase.cpp */; };
		B2B34C7E17E43A880035D0A5 /* Ray.cpp in Sources */ = {isa = PBXBuildFile; fileRef = B2B34C4C17E43A880035D0A5 /* Ray.cpp */; };
		B2B34C7F17E43A880035D0A5 /* RayTracingRenderer.cpp in Sources */ = {isa = PBXBuildFile; fileRef = B2B34C4E17E43A880035D0A5 /* RayTracingRenderer.cpp */; };
		B2B34C8017E43A880035D0A5 /* Scene.cpp in Sources */ = {isa = PBXBuildFile; fileRef = B2B34C5017E43A880035D0A5 /* Scene.cpp */; };
		B2B34C8117E43A880035D0A5 /* SIMD_QBVH.cpp in Sources */ = {isa = PBXBuildFile; fileRef = B2B34C5317E43A880035D0A5 /* SIMD_QBVH.cpp */; };
		B2B34C8217E43A880035D0A5 /* SimpleArithmetic.cpp in Sources */ = {isa = PBXBuildFile; fileRef = B2B34C5517E43A880035D0A5 /* SimpleArithmetic.cpp */; };
		B2B34C8317E43A880035D0A5 /* SISD_QBVH.cpp in Sources */ = {isa = PBXBuildFile; fileRef = B2B34C5717E43A880035D0A5 /* SISD_QBVH.cpp */; };
		B2B34C8417E43A880035D0A5 /* StringUtils.cpp in Sources */ = {isa = PBXBuildFile; fileRef = B2B34C5917E43A880035D0A5 /* StringUtils.cpp */; };
		B2B34C8517E43A880035D0A5 /* Timer.cpp in Sources */ = {isa = PBXBuildFile; fileRef = B2B34C5B17E43A880035D0A5 /* Timer.cpp */; };
		B2B34C8617E43A880035D0A5 /* matrix4.cpp in Sources */ = {isa = PBXBuildFile; fileRef = B2B34C5F17E43A880035D0A5 /* matrix4.cpp */; };
		B2B34C8717E43A880035D0A5 /* quat4.cpp in Sources */ = {isa = PBXBuildFile; fileRef = B2B34C6417E43A880035D0A5 /* quat4.cpp */; };
		B2C152C21483DCCE00245AD6 /* OpenGL.framework in Frameworks */ = {isa = PBXBuildFile; fileRef = B2C152C11483DCCE00245AD6 /* OpenGL.framework */; };
		B2C152C51483DCD800245AD6 /* GLUT.framework in Frameworks */ = {isa = PBXBuildFile; fileRef = B2C152C41483DCD800245AD6 /* GLUT.framework */; };
		B2DD0CAE1834E6FE00EBB18F /* Sampler.cpp in Sources */ = {isa = PBXBuildFile; fileRef = B2DD0CAC1834E6FE00EBB18F /* Sampler.cpp */; };
/* End PBXBuildFile section */

/* Begin PBXCopyFilesBuildPhase section */
		B20961761483117300863694 /* CopyFiles */ = {
			isa = PBXCopyFilesBuildPhase;
			buildActionMask = 2147483647;
			dstPath = /usr/share/man/man1/;
			dstSubfolderSpec = 0;
			files = (
			);
			runOnlyForDeploymentPostprocessing = 1;
		};
/* End PBXCopyFilesBuildPhase section */

/* Begin PBXFileReference section */
		B20961781483117300863694 /* rt */ = {isa = PBXFileReference; explicitFileType = "compiled.mach-o.executable"; includeInIndex = 0; path = rt; sourceTree = BUILT_PRODUCTS_DIR; };
		B2382CED18320BCD00785336 /* BRDF.cpp */ = {isa = PBXFileReference; fileEncoding = 4; lastKnownFileType = sourcecode.cpp.cpp; path = BRDF.cpp; sourceTree = "<group>"; };
		B2382CEE18320BCD00785336 /* BRDF.h */ = {isa = PBXFileReference; fileEncoding = 4; lastKnownFileType = sourcecode.c.h; path = BRDF.h; sourceTree = "<group>"; };
		B2752F43181151C80036F1FF /* transparent.scene */ = {isa = PBXFileReference; fileEncoding = 4; lastKnownFileType = text; path = transparent.scene; sourceTree = "<group>"; };
		B292189318B656F500A47534 /* Material.h */ = {isa = PBXFileReference; fileEncoding = 4; lastKnownFileType = sourcecode.c.h; path = Material.h; sourceTree = "<group>"; };
		B2B34C1D17E43A880035D0A5 /* App.cpp */ = {isa = PBXFileReference; fileEncoding = 4; lastKnownFileType = sourcecode.cpp.cpp; path = App.cpp; sourceTree = "<group>"; };
		B2B34C1E17E43A880035D0A5 /* App.h */ = {isa = PBXFileReference; fileEncoding = 4; lastKnownFileType = sourcecode.c.h; path = App.h; sourceTree = "<group>"; };
		B2B34C1F17E43A880035D0A5 /* BBox.cpp */ = {isa = PBXFileReference; fileEncoding = 4; lastKnownFileType = sourcecode.cpp.cpp; path = BBox.cpp; sourceTree = "<group>"; };
		B2B34C2017E43A880035D0A5 /* BBox.h */ = {isa = PBXFileReference; fileEncoding = 4; lastKnownFileType = sourcecode.c.h; path = BBox.h; sourceTree = "<group>"; };
		B2B34C2217E43A880035D0A5 /* bmpexporter.cpp */ = {isa = PBXFileReference; fileEncoding = 4; lastKnownFileType = sourcecode.cpp.cpp; path = bmpexporter.cpp; sourceTree = "<group>"; };
		B2B34C2317E43A880035D0A5 /* bmpexporter.h */ = {isa = PBXFileReference; fileEncoding = 4; lastKnownFileType = sourcecode.c.h; path = bmpexporter.h; sourceTree = "<group>"; };
		B2B34C2417E43A880035D0A5 /* BmpFileView.cpp */ = {isa = PBXFileReference; fileEncoding = 4; lastKnownFileType = sourcecode.cpp.cpp; path = BmpFileView.cpp; sourceTree = "<group>"; };
		B2B34C2517E43A880035D0A5 /* BmpFileView.h */ = {isa = PBXFileReference; fileEncoding = 4; lastKnownFileType = sourcecode.c.h; path = BmpFileView.h; sourceTree = "<group>"; };
		B2B34C2617E43A880035D0A5 /* BVH.cpp */ = {isa = PBXFileReference; fileEncoding = 4; lastKnownFileType = sourcecode.cpp.cpp; path = BVH.cpp; sourceTree = "<group>"; };
		B2B34C2717E43A880035D0A5 /* BVH.h */ = {isa = PBXFileReference; fileEncoding = 4; lastKnownFileType = sourcecode.c.h; path = BVH.h; sourceTree = "<group>"; };
		B2B34C2817E43A880035D0A5 /* BVHType.h */ = {isa = PBXFileReference; fileEncoding = 4; lastKnownFileType = sourcecode.c.h; path = BVHType.h; sourceTree = "<group>"; };
		B2B34C2917E43A880035D0A5 /* Common.cpp */ = {isa = PBXFileReference; fileEncoding = 4; lastKnownFileType = sourcecode.cpp.cpp; path = Common.cpp; sourceTree = "<group>"; };
		B2B34C2A17E43A880035D0A5 /* Common.h */ = {isa = PBXFileReference; fileEncoding = 4; lastKnownFileType = sourcecode.c.h; path = Common.h; sourceTree = "<group>"; };
		B2B34C2B17E43A880035D0A5 /* Config.cpp */ = {isa = PBXFileReference; fileEncoding = 4; lastKnownFileType = sourcecode.cpp.cpp; path = Config.cpp; sourceTree = "<group>"; };
		B2B34C2C17E43A880035D0A5 /* Config.h */ = {isa = PBXFileReference; fileEncoding = 4; lastKnownFileType = sourcecode.c.h; path = Config.h; sourceTree = "<group>"; };
		B2B34C2D17E43A880035D0A5 /* File.cpp */ = {isa = PBXFileReference; fileEncoding = 4; lastKnownFileType = sourcecode.cpp.cpp; path = File.cpp; sourceTree = "<group>"; };
		B2B34C2E17E43A880035D0A5 /* File.h */ = {isa = PBXFileReference; fileEncoding = 4; lastKnownFileType = sourcecode.c.h; path = File.h; sourceTree = "<group>"; };
		B2B34C2F17E43A880035D0A5 /* IRenderer.h */ = {isa = PBXFileReference; fileEncoding = 4; lastKnownFileType = sourcecode.c.h; path = IRenderer.h; sourceTree = "<group>"; };
		B2B34C3017E43A880035D0A5 /* IView.h */ = {isa = PBXFileReference; fileEncoding = 4; lastKnownFileType = sourcecode.c.h; path = IView.h; sourceTree = "<group>"; };
		B2B34C3117E43A880035D0A5 /* LightSource.cpp */ = {isa = PBXFileReference; fileEncoding = 4; lastKnownFileType = sourcecode.cpp.cpp; path = LightSource.cpp; sourceTree = "<group>"; };
		B2B34C3217E43A880035D0A5 /* LightSource.h */ = {isa = PBXFileReference; fileEncoding = 4; lastKnownFileType = sourcecode.c.h; path = LightSource.h; sourceTree = "<group>"; };
		B2B34C3317E43A880035D0A5 /* main.cpp */ = {isa = PBXFileReference; fileEncoding = 4; lastKnownFileType = sourcecode.cpp.cpp; path = main.cpp; sourceTree = "<group>"; };
		B2B34C3417E43A880035D0A5 /* OldMaterial.h */ = {isa = PBXFileReference; fileEncoding = 4; lastKnownFileType = sourcecode.c.h; path = OldMaterial.h; sourceTree = "<group>"; };
		B2B34C3517E43A880035D0A5 /* MeshLoader.cpp */ = {isa = PBXFileReference; fileEncoding = 4; lastKnownFileType = sourcecode.cpp.cpp; path = MeshLoader.cpp; sourceTree = "<group>"; };
		B2B34C3617E43A880035D0A5 /* MeshLoader.h */ = {isa = PBXFileReference; fileEncoding = 4; lastKnownFileType = sourcecode.c.h; path = MeshLoader.h; sourceTree = "<group>"; };
		B2B34C3717E43A880035D0A5 /* ObjLoader.cpp */ = {isa = PBXFileReference; fileEncoding = 4; lastKnownFileType = sourcecode.cpp.cpp; path = ObjLoader.cpp; sourceTree = "<group>"; };
		B2B34C3817E43A880035D0A5 /* ObjLoader.h */ = {isa = PBXFileReference; fileEncoding = 4; lastKnownFileType = sourcecode.c.h; path = ObjLoader.h; sourceTree = "<group>"; };
		B2B34C3917E43A880035D0A5 /* ONB.cpp */ = {isa = PBXFileReference; fileEncoding = 4; lastKnownFileType = sourcecode.cpp.cpp; path = ONB.cpp; sourceTree = "<group>"; };
		B2B34C3A17E43A880035D0A5 /* ONB.h */ = {isa = PBXFileReference; fileEncoding = 4; lastKnownFileType = sourcecode.c.h; path = ONB.h; sourceTree = "<group>"; };
		B2B34C3B17E43A880035D0A5 /* OpenGLView.cpp */ = {isa = PBXFileReference; fileEncoding = 4; lastKnownFileType = sourcecode.cpp.cpp; path = OpenGLView.cpp; sourceTree = "<group>"; };
		B2B34C3C17E43A880035D0A5 /* OpenGLView.h */ = {isa = PBXFileReference; fileEncoding = 4; lastKnownFileType = sourcecode.c.h; path = OpenGLView.h; sourceTree = "<group>"; };
		B2B34C3D17E43A880035D0A5 /* PerlinNoise.cpp */ = {isa = PBXFileReference; fileEncoding = 4; lastKnownFileType = sourcecode.cpp.cpp; path = PerlinNoise.cpp; sourceTree = "<group>"; };
		B2B34C3E17E43A880035D0A5 /* PerlinNoise.h */ = {isa = PBXFileReference; fileEncoding = 4; lastKnownFileType = sourcecode.c.h; path = PerlinNoise.h; sourceTree = "<group>"; };
		B2B34C3F17E43A880035D0A5 /* PhotonFilter.cpp */ = {isa = PBXFileReference; fileEncoding = 4; lastKnownFileType = sourcecode.cpp.cpp; path = PhotonFilter.cpp; sourceTree = "<group>"; };
		B2B34C4017E43A880035D0A5 /* PhotonFilter.h */ = {isa = PBXFileReference; fileEncoding = 4; lastKnownFileType = sourcecode.c.h; path = PhotonFilter.h; sourceTree = "<group>"; };
		B2B34C4117E43A880035D0A5 /* PhotonMap.cpp */ = {isa = PBXFileReference; fileEncoding = 4; lastKnownFileType = sourcecode.cpp.cpp; path = PhotonMap.cpp; sourceTree = "<group>"; };
		B2B34C4217E43A880035D0A5 /* PhotonMap.h */ = {isa = PBXFileReference; fileEncoding = 4; lastKnownFileType = sourcecode.c.h; path = PhotonMap.h; sourceTree = "<group>"; };
		B2B34C4317E43A880035D0A5 /* PhotonMapRenderer.cpp */ = {isa = PBXFileReference; fileEncoding = 4; lastKnownFileType = sourcecode.cpp.cpp; path = PhotonMapRenderer.cpp; sourceTree = "<group>"; };
		B2B34C4417E43A880035D0A5 /* PhotonMapRenderer.h */ = {isa = PBXFileReference; fileEncoding = 4; lastKnownFileType = sourcecode.c.h; path = PhotonMapRenderer.h; sourceTree = "<group>"; };
		B2B34C4517E43A880035D0A5 /* PhotonMapRenderer2.cpp */ = {isa = PBXFileReference; fileEncoding = 4; lastKnownFileType = sourcecode.cpp.cpp; path = PhotonMapRenderer2.cpp; sourceTree = "<group>"; };
		B2B34C4617E43A880035D0A5 /* PhotonMapRenderer2.h */ = {isa = PBXFileReference; fileEncoding = 4; lastKnownFileType = sourcecode.c.h; path = PhotonMapRenderer2.h; sourceTree = "<group>"; };
		B2B34C4717E43A880035D0A5 /* PostEffect.cpp */ = {isa = PBXFileReference; fileEncoding = 4; lastKnownFileType = sourcecode.cpp.cpp; path = PostEffect.cpp; sourceTree = "<group>"; };
		B2B34C4817E43A880035D0A5 /* PostEffect.h */ = {isa = PBXFileReference; fileEncoding = 4; lastKnownFileType = sourcecode.c.h; path = PostEffect.h; sourceTree = "<group>"; };
		B2B34C4917E43A880035D0A5 /* QBVHBase.cpp */ = {isa = PBXFileReference; fileEncoding = 4; lastKnownFileType = sourcecode.cpp.cpp; path = QBVHBase.cpp; sourceTree = "<group>"; };
		B2B34C4A17E43A880035D0A5 /* QBVHBase.h */ = {isa = PBXFileReference; fileEncoding = 4; lastKnownFileType = sourcecode.c.h; path = QBVHBase.h; sourceTree = "<group>"; };
		B2B34C4B17E43A880035D0A5 /* Random.h */ = {isa = PBXFileReference; fileEncoding = 4; lastKnownFileType = sourcecode.c.h; path = Random.h; sourceTree = "<group>"; };
		B2B34C4C17E43A880035D0A5 /* Ray.cpp */ = {isa = PBXFileReference; fileEncoding = 4; lastKnownFileType = sourcecode.cpp.cpp; path = Ray.cpp; sourceTree = "<group>"; };
		B2B34C4D17E43A880035D0A5 /* Ray.h */ = {isa = PBXFileReference; fileEncoding = 4; lastKnownFileType = sourcecode.c.h; path = Ray.h; sourceTree = "<group>"; };
		B2B34C4E17E43A880035D0A5 /* RayTracingRenderer.cpp */ = {isa = PBXFileReference; fileEncoding = 4; lastKnownFileType = sourcecode.cpp.cpp; path = RayTracingRenderer.cpp; sourceTree = "<group>"; };
		B2B34C4F17E43A880035D0A5 /* RayTracingRenderer.h */ = {isa = PBXFileReference; fileEncoding = 4; lastKnownFileType = sourcecode.c.h; path = RayTracingRenderer.h; sourceTree = "<group>"; };
		B2B34C5017E43A880035D0A5 /* Scene.cpp */ = {isa = PBXFileReference; fileEncoding = 4; lastKnownFileType = sourcecode.cpp.cpp; path = Scene.cpp; sourceTree = "<group>"; };
		B2B34C5117E43A880035D0A5 /* Scene.h */ = {isa = PBXFileReference; fileEncoding = 4; lastKnownFileType = sourcecode.c.h; path = Scene.h; sourceTree = "<group>"; };
		B2B34C5217E43A880035D0A5 /* SIMD.h */ = {isa = PBXFileReference; fileEncoding = 4; lastKnownFileType = sourcecode.c.h; path = SIMD.h; sourceTree = "<group>"; };
		B2B34C5317E43A880035D0A5 /* SIMD_QBVH.cpp */ = {isa = PBXFileReference; fileEncoding = 4; lastKnownFileType = sourcecode.cpp.cpp; path = SIMD_QBVH.cpp; sourceTree = "<group>"; };
		B2B34C5417E43A880035D0A5 /* SIMD_QBVH.h */ = {isa = PBXFileReference; fileEncoding = 4; lastKnownFileType = sourcecode.c.h; path = SIMD_QBVH.h; sourceTree = "<group>"; };
		B2B34C5517E43A880035D0A5 /* SimpleArithmetic.cpp */ = {isa = PBXFileReference; fileEncoding = 4; lastKnownFileType = sourcecode.cpp.cpp; path = SimpleArithmetic.cpp; sourceTree = "<group>"; };
		B2B34C5617E43A880035D0A5 /* SimpleArithmetic.h */ = {isa = PBXFileReference; fileEncoding = 4; lastKnownFileType = sourcecode.c.h; path = SimpleArithmetic.h; sourceTree = "<group>"; };
		B2B34C5717E43A880035D0A5 /* SISD_QBVH.cpp */ = {isa = PBXFileReference; fileEncoding = 4; lastKnownFileType = sourcecode.cpp.cpp; path = SISD_QBVH.cpp; sourceTree = "<group>"; };
		B2B34C5817E43A880035D0A5 /* SISD_QBVH.h */ = {isa = PBXFileReference; fileEncoding = 4; lastKnownFileType = sourcecode.c.h; path = SISD_QBVH.h; sourceTree = "<group>"; };
		B2B34C5917E43A880035D0A5 /* StringUtils.cpp */ = {isa = PBXFileReference; fileEncoding = 4; lastKnownFileType = sourcecode.cpp.cpp; path = StringUtils.cpp; sourceTree = "<group>"; };
		B2B34C5A17E43A880035D0A5 /* StringUtils.h */ = {isa = PBXFileReference; fileEncoding = 4; lastKnownFileType = sourcecode.c.h; path = StringUtils.h; sourceTree = "<group>"; };
		B2B34C5B17E43A880035D0A5 /* Timer.cpp */ = {isa = PBXFileReference; fileEncoding = 4; lastKnownFileType = sourcecode.cpp.cpp; path = Timer.cpp; sourceTree = "<group>"; };
		B2B34C5C17E43A880035D0A5 /* Timer.h */ = {isa = PBXFileReference; fileEncoding = 4; lastKnownFileType = sourcecode.c.h; path = Timer.h; sourceTree = "<group>"; };
		B2B34C5E17E43A880035D0A5 /* color4.h */ = {isa = PBXFileReference; fileEncoding = 4; lastKnownFileType = sourcecode.c.h; path = color4.h; sourceTree = "<group>"; };
		B2B34C5F17E43A880035D0A5 /* matrix4.cpp */ = {isa = PBXFileReference; fileEncoding = 4; lastKnownFileType = sourcecode.cpp.cpp; path = matrix4.cpp; sourceTree = "<group>"; };
		B2B34C6017E43A880035D0A5 /* matrix4.h */ = {isa = PBXFileReference; fileEncoding = 4; lastKnownFileType = sourcecode.c.h; path = matrix4.h; sourceTree = "<group>"; };
		B2B34C6117E43A880035D0A5 /* point2.h */ = {isa = PBXFileReference; fileEncoding = 4; lastKnownFileType = sourcecode.c.h; path = point2.h; sourceTree = "<group>"; };
		B2B34C6217E43A880035D0A5 /* point3.h */ = {isa = PBXFileReference; fileEncoding = 4; lastKnownFileType = sourcecode.c.h; path = point3.h; sourceTree = "<group>"; };
		B2B34C6317E43A880035D0A5 /* point4.h */ = {isa = PBXFileReference; fileEncoding = 4; lastKnownFileType = sourcecode.c.h; path = point4.h; sourceTree = "<group>"; };
		B2B34C6417E43A880035D0A5 /* quat4.cpp */ = {isa = PBXFileReference; fileEncoding = 4; lastKnownFileType = sourcecode.cpp.cpp; path = quat4.cpp; sourceTree = "<group>"; };
		B2B34C6517E43A880035D0A5 /* quat4.h */ = {isa = PBXFileReference; fileEncoding = 4; lastKnownFileType = sourcecode.c.h; path = quat4.h; sourceTree = "<group>"; };
		B2B34C6617E43A880035D0A5 /* tuple2.h */ = {isa = PBXFileReference; fileEncoding = 4; lastKnownFileType = sourcecode.c.h; path = tuple2.h; sourceTree = "<group>"; };
		B2B34C6717E43A880035D0A5 /* tuple3.h */ = {isa = PBXFileReference; fileEncoding = 4; lastKnownFileType = sourcecode.c.h; path = tuple3.h; sourceTree = "<group>"; };
		B2B34C6817E43A880035D0A5 /* vector3.h */ = {isa = PBXFileReference; fileEncoding = 4; lastKnownFileType = sourcecode.c.h; path = vector3.h; sourceTree = "<group>"; };
		B2B34C8917E43AEF0035D0A5 /* BBTest.scene */ = {isa = PBXFileReference; fileEncoding = 4; lastKnownFileType = text; path = BBTest.scene; sourceTree = "<group>"; };
		B2B34C8A17E43AEF0035D0A5 /* cornell_box.scene */ = {isa = PBXFileReference; fileEncoding = 4; lastKnownFileType = text; path = cornell_box.scene; sourceTree = "<group>"; };
		B2B34C8B17E43AEF0035D0A5 /* cornell_box_sphere.scene */ = {isa = PBXFileReference; fileEncoding = 4; lastKnownFileType = text; path = cornell_box_sphere.scene; sourceTree = "<group>"; };
		B2B34C8C17E43AEF0035D0A5 /* render1h.scene */ = {isa = PBXFileReference; fileEncoding = 4; lastKnownFileType = text; path = render1h.scene; sourceTree = "<group>"; };
		B2B34C8E17E43AEF0035D0A5 /* simple.scene */ = {isa = PBXFileReference; fileEncoding = 4; lastKnownFileType = text; path = simple.scene; sourceTree = "<group>"; };
		B2B34C8F17E43AEF0035D0A5 /* venus.scene */ = {isa = PBXFileReference; fileEncoding = 4; lastKnownFileType = text; path = venus.scene; sourceTree = "<group>"; };
		B2B34C9017E43AEF0035D0A5 /* venus_cuboids.scene */ = {isa = PBXFileReference; fileEncoding = 4; lastKnownFileType = text; path = venus_cuboids.scene; sourceTree = "<group>"; };
		B2B34C9117E43D8B0035D0A5 /* render1h_light.scene */ = {isa = PBXFileReference; fileEncoding = 4; lastKnownFileType = text; path = render1h_light.scene; sourceTree = "<group>"; };
		B2C152C11483DCCE00245AD6 /* OpenGL.framework */ = {isa = PBXFileReference; lastKnownFileType = wrapper.framework; name = OpenGL.framework; path = System/Library/Frameworks/OpenGL.framework; sourceTree = SDKROOT; };
		B2C152C41483DCD800245AD6 /* GLUT.framework */ = {isa = PBXFileReference; lastKnownFileType = wrapper.framework; name = GLUT.framework; path = System/Library/Frameworks/GLUT.framework; sourceTree = SDKROOT; };
		B2DD0CAC1834E6FE00EBB18F /* Sampler.cpp */ = {isa = PBXFileReference; fileEncoding = 4; lastKnownFileType = sourcecode.cpp.cpp; path = Sampler.cpp; sourceTree = "<group>"; };
		B2DD0CAD1834E6FE00EBB18F /* Sampler.h */ = {isa = PBXFileReference; fileEncoding = 4; lastKnownFileType = sourcecode.c.h; path = Sampler.h; sourceTree = "<group>"; };
/* End PBXFileReference section */

/* Begin PBXFrameworksBuildPhase section */
		B20961751483117300863694 /* Frameworks */ = {
			isa = PBXFrameworksBuildPhase;
			buildActionMask = 2147483647;
			files = (
				B2C152C51483DCD800245AD6 /* GLUT.framework in Frameworks */,
				B2C152C21483DCCE00245AD6 /* OpenGL.framework in Frameworks */,
			);
			runOnlyForDeploymentPostprocessing = 0;
		};
/* End PBXFrameworksBuildPhase section */

/* Begin PBXGroup section */
		B209616D1483117300863694 = {
			isa = PBXGroup;
			children = (
				B2C152C41483DCD800245AD6 /* GLUT.framework */,
				B2C152C11483DCCE00245AD6 /* OpenGL.framework */,
				B2B34C8817E43AEF0035D0A5 /* SceneFiles */,
				B2B34C1C17E43A880035D0A5 /* src */,
				B20961791483117300863694 /* Products */,
			);
			sourceTree = "<group>";
		};
		B20961791483117300863694 /* Products */ = {
			isa = PBXGroup;
			children = (
				B20961781483117300863694 /* rt */,
			);
			name = Products;
			sourceTree = "<group>";
		};
		B292189118B653E200A47534 /* Old */ = {
			isa = PBXGroup;
			children = (
				B2B34C9017E43AEF0035D0A5 /* venus_cuboids.scene */,
				B2752F43181151C80036F1FF /* transparent.scene */,
				B2B34C8917E43AEF0035D0A5 /* BBTest.scene */,
				B2B34C8A17E43AEF0035D0A5 /* cornell_box.scene */,
				B2B34C8B17E43AEF0035D0A5 /* cornell_box_sphere.scene */,
				B2B34C8E17E43AEF0035D0A5 /* simple.scene */,
			);
			name = Old;
			sourceTree = "<group>";
		};
		B2B34C1C17E43A880035D0A5 /* src */ = {
			isa = PBXGroup;
			children = (
				B292189318B656F500A47534 /* Material.h */,
				B2DD0CAC1834E6FE00EBB18F /* Sampler.cpp */,
				B2DD0CAD1834E6FE00EBB18F /* Sampler.h */,
				B2382CED18320BCD00785336 /* BRDF.cpp */,
				B2382CEE18320BCD00785336 /* BRDF.h */,
				B2B34C1D17E43A880035D0A5 /* App.cpp */,
				B2B34C1E17E43A880035D0A5 /* App.h */,
				B2B34C1F17E43A880035D0A5 /* BBox.cpp */,
				B2B34C2017E43A880035D0A5 /* BBox.h */,
				B2B34C2117E43A880035D0A5 /* bmpexporter */,
				B2B34C2417E43A880035D0A5 /* BmpFileView.cpp */,
				B2B34C2517E43A880035D0A5 /* BmpFileView.h */,
				B2B34C2617E43A880035D0A5 /* BVH.cpp */,
				B2B34C2717E43A880035D0A5 /* BVH.h */,
				B2B34C2817E43A880035D0A5 /* BVHType.h */,
				B2B34C2917E43A880035D0A5 /* Common.cpp */,
				B2B34C2A17E43A880035D0A5 /* Common.h */,
				B2B34C2B17E43A880035D0A5 /* Config.cpp */,
				B2B34C2C17E43A880035D0A5 /* Config.h */,
				B2B34C2D17E43A880035D0A5 /* File.cpp */,
				B2B34C2E17E43A880035D0A5 /* File.h */,
				B2B34C2F17E43A880035D0A5 /* IRenderer.h */,
				B2B34C3017E43A880035D0A5 /* IView.h */,
				B2B34C3117E43A880035D0A5 /* LightSource.cpp */,
				B2B34C3217E43A880035D0A5 /* LightSource.h */,
				B2B34C3317E43A880035D0A5 /* main.cpp */,
				B2B34C3417E43A880035D0A5 /* OldMaterial.h */,
				B2B34C3517E43A880035D0A5 /* MeshLoader.cpp */,
				B2B34C3617E43A880035D0A5 /* MeshLoader.h */,
				B2B34C3717E43A880035D0A5 /* ObjLoader.cpp */,
				B2B34C3817E43A880035D0A5 /* ObjLoader.h */,
				B2B34C3917E43A880035D0A5 /* ONB.cpp */,
				B2B34C3A17E43A880035D0A5 /* ONB.h */,
				B2B34C3B17E43A880035D0A5 /* OpenGLView.cpp */,
				B2B34C3C17E43A880035D0A5 /* OpenGLView.h */,
				B2B34C3D17E43A880035D0A5 /* PerlinNoise.cpp */,
				B2B34C3E17E43A880035D0A5 /* PerlinNoise.h */,
				B2B34C3F17E43A880035D0A5 /* PhotonFilter.cpp */,
				B2B34C4017E43A880035D0A5 /* PhotonFilter.h */,
				B2B34C4117E43A880035D0A5 /* PhotonMap.cpp */,
				B2B34C4217E43A880035D0A5 /* PhotonMap.h */,
				B2B34C4317E43A880035D0A5 /* PhotonMapRenderer.cpp */,
				B2B34C4417E43A880035D0A5 /* PhotonMapRenderer.h */,
				B2B34C4517E43A880035D0A5 /* PhotonMapRenderer2.cpp */,
				B2B34C4617E43A880035D0A5 /* PhotonMapRenderer2.h */,
				B2B34C4717E43A880035D0A5 /* PostEffect.cpp */,
				B2B34C4817E43A880035D0A5 /* PostEffect.h */,
				B2B34C4917E43A880035D0A5 /* QBVHBase.cpp */,
				B2B34C4A17E43A880035D0A5 /* QBVHBase.h */,
				B2B34C4B17E43A880035D0A5 /* Random.h */,
				B2B34C4C17E43A880035D0A5 /* Ray.cpp */,
				B2B34C4D17E43A880035D0A5 /* Ray.h */,
				B2B34C4E17E43A880035D0A5 /* RayTracingRenderer.cpp */,
				B2B34C4F17E43A880035D0A5 /* RayTracingRenderer.h */,
				B2B34C5017E43A880035D0A5 /* Scene.cpp */,
				B2B34C5117E43A880035D0A5 /* Scene.h */,
				B2B34C5217E43A880035D0A5 /* SIMD.h */,
				B2B34C5317E43A880035D0A5 /* SIMD_QBVH.cpp */,
				B2B34C5417E43A880035D0A5 /* SIMD_QBVH.h */,
				B2B34C5517E43A880035D0A5 /* SimpleArithmetic.cpp */,
				B2B34C5617E43A880035D0A5 /* SimpleArithmetic.h */,
				B2B34C5717E43A880035D0A5 /* SISD_QBVH.cpp */,
				B2B34C5817E43A880035D0A5 /* SISD_QBVH.h */,
				B2B34C5917E43A880035D0A5 /* StringUtils.cpp */,
				B2B34C5A17E43A880035D0A5 /* StringUtils.h */,
				B2B34C5B17E43A880035D0A5 /* Timer.cpp */,
				B2B34C5C17E43A880035D0A5 /* Timer.h */,
				B2B34C5D17E43A880035D0A5 /* vecmath */,
			);
			path = src;
			sourceTree = "<group>";
		};
		B2B34C2117E43A880035D0A5 /* bmpexporter */ = {
			isa = PBXGroup;
			children = (
				B2B34C2217E43A880035D0A5 /* bmpexporter.cpp */,
				B2B34C2317E43A880035D0A5 /* bmpexporter.h */,
			);
			path = bmpexporter;
			sourceTree = "<group>";
		};
		B2B34C5D17E43A880035D0A5 /* vecmath */ = {
			isa = PBXGroup;
			children = (
				B2B34C5E17E43A880035D0A5 /* color4.h */,
				B2B34C5F17E43A880035D0A5 /* matrix4.cpp */,
				B2B34C6017E43A880035D0A5 /* matrix4.h */,
				B2B34C6117E43A880035D0A5 /* point2.h */,
				B2B34C6217E43A880035D0A5 /* point3.h */,
				B2B34C6317E43A880035D0A5 /* point4.h */,
				B2B34C6417E43A880035D0A5 /* quat4.cpp */,
				B2B34C6517E43A880035D0A5 /* quat4.h */,
				B2B34C6617E43A880035D0A5 /* tuple2.h */,
				B2B34C6717E43A880035D0A5 /* tuple3.h */,
				B2B34C6817E43A880035D0A5 /* vector3.h */,
			);
			path = vecmath;
			sourceTree = "<group>";
		};
		B2B34C8817E43AEF0035D0A5 /* SceneFiles */ = {
			isa = PBXGroup;
			children = (
				B292189118B653E200A47534 /* Old */,
				B2B34C9117E43D8B0035D0A5 /* render1h_light.scene */,
				B2B34C8C17E43AEF0035D0A5 /* render1h.scene */,
				B2B34C8F17E43AEF0035D0A5 /* venus.scene */,
			);
			name = SceneFiles;
			path = bin/SceneFiles;
			sourceTree = "<group>";
		};
/* End PBXGroup section */

/* Begin PBXNativeTarget section */
		B20961771483117300863694 /* rt */ = {
			isa = PBXNativeTarget;
			buildConfigurationList = B20961821483117300863694 /* Build configuration list for PBXNativeTarget "rt" */;
			buildPhases = (
				B20961741483117300863694 /* Sources */,
				B20961751483117300863694 /* Frameworks */,
				B20961761483117300863694 /* CopyFiles */,
			);
			buildRules = (
			);
			dependencies = (
			);
			name = rt;
			productName = rt;
			productReference = B20961781483117300863694 /* rt */;
			productType = "com.apple.product-type.tool";
		};
/* End PBXNativeTarget section */

/* Begin PBXProject section */
		B209616F1483117300863694 /* Project object */ = {
			isa = PBXProject;
			attributes = {
				LastUpgradeCheck = 0450;
			};
			buildConfigurationList = B20961721483117300863694 /* Build configuration list for PBXProject "rt" */;
			compatibilityVersion = "Xcode 3.2";
			developmentRegion = English;
			hasScannedForEncodings = 0;
			knownRegions = (
				en,
			);
			mainGroup = B209616D1483117300863694;
			productRefGroup = B20961791483117300863694 /* Products */;
			projectDirPath = "";
			projectRoot = "";
			targets = (
				B20961771483117300863694 /* rt */,
			);
		};
/* End PBXProject section */

/* Begin PBXSourcesBuildPhase section */
		B20961741483117300863694 /* Sources */ = {
			isa = PBXSourcesBuildPhase;
			buildActionMask = 2147483647;
			files = (
				B2B34C6917E43A880035D0A5 /* App.cpp in Sources */,
				B2B34C6A17E43A880035D0A5 /* BBox.cpp in Sources */,
				B2B34C6B17E43A880035D0A5 /* bmpexporter.cpp in Sources */,
				B2B34C6C17E43A880035D0A5 /* BmpFileView.cpp in Sources */,
				B2B34C6D17E43A880035D0A5 /* BVH.cpp in Sources */,
				B2B34C6E17E43A880035D0A5 /* Common.cpp in Sources */,
				B2B34C6F17E43A880035D0A5 /* Config.cpp in Sources */,
				B2B34C7017E43A880035D0A5 /* File.cpp in Sources */,
				B2B34C7117E43A880035D0A5 /* LightSource.cpp in Sources */,
				B2B34C7217E43A880035D0A5 /* main.cpp in Sources */,
				B2B34C7317E43A880035D0A5 /* MeshLoader.cpp in Sources */,
				B2B34C7417E43A880035D0A5 /* ObjLoader.cpp in Sources */,
				B2B34C7517E43A880035D0A5 /* ONB.cpp in Sources */,
				B2B34C7617E43A880035D0A5 /* OpenGLView.cpp in Sources */,
				B2B34C7717E43A880035D0A5 /* PerlinNoise.cpp in Sources */,
				B2B34C7817E43A880035D0A5 /* PhotonFilter.cpp in Sources */,
				B2B34C7917E43A880035D0A5 /* PhotonMap.cpp in Sources */,
				B2B34C7A17E43A880035D0A5 /* PhotonMapRenderer.cpp in Sources */,
				B2B34C7B17E43A880035D0A5 /* PhotonMapRenderer2.cpp in Sources */,
				B2B34C7C17E43A880035D0A5 /* PostEffect.cpp in Sources */,
				B2B34C7D17E43A880035D0A5 /* QBVHBase.cpp in Sources */,
				B2B34C7E17E43A880035D0A5 /* Ray.cpp in Sources */,
				B2B34C7F17E43A880035D0A5 /* RayTracingRenderer.cpp in Sources */,
				B2B34C8017E43A880035D0A5 /* Scene.cpp in Sources */,
				B2B34C8117E43A880035D0A5 /* SIMD_QBVH.cpp in Sources */,
				B2B34C8217E43A880035D0A5 /* SimpleArithmetic.cpp in Sources */,
				B2B34C8317E43A880035D0A5 /* SISD_QBVH.cpp in Sources */,
				B2B34C8417E43A880035D0A5 /* StringUtils.cpp in Sources */,
				B2B34C8517E43A880035D0A5 /* Timer.cpp in Sources */,
				B2B34C8617E43A880035D0A5 /* matrix4.cpp in Sources */,
				B2B34C8717E43A880035D0A5 /* quat4.cpp in Sources */,
				B2382CEF18320BCD00785336 /* BRDF.cpp in Sources */,
				B2DD0CAE1834E6FE00EBB18F /* Sampler.cpp in Sources */,
			);
			runOnlyForDeploymentPostprocessing = 0;
		};
/* End PBXSourcesBuildPhase section */

/* Begin XCBuildConfiguration section */
		B20961801483117300863694 /* Debug */ = {
			isa = XCBuildConfiguration;
			buildSettings = {
				ALWAYS_SEARCH_USER_PATHS = NO;
				ARCHS = "$(ARCHS_STANDARD_64_BIT)";
				COPY_PHASE_STRIP = NO;
				ENABLE_OPENMP_SUPPORT = NO;
				GCC_C_LANGUAGE_STANDARD = gnu99;
				GCC_DYNAMIC_NO_PIC = NO;
				GCC_ENABLE_CPP_EXCEPTIONS = NO;
				GCC_ENABLE_CPP_RTTI = NO;
				GCC_ENABLE_OBJC_EXCEPTIONS = NO;
				GCC_ENABLE_SSE41_EXTENSIONS = NO;
				GCC_ENABLE_SSE42_EXTENSIONS = NO;
				GCC_OPTIMIZATION_LEVEL = 0;
				GCC_PREPROCESSOR_DEFINITIONS = (
					"DEBUG=1",
					"$(inherited)",
				);
				GCC_SYMBOLS_PRIVATE_EXTERN = NO;
				GCC_VERSION = com.apple.compilers.llvmgcc42;
				GCC_WARN_64_TO_32_BIT_CONVERSION = YES;
				GCC_WARN_ABOUT_MISSING_PROTOTYPES = YES;
				GCC_WARN_ABOUT_RETURN_TYPE = YES;
				GCC_WARN_UNUSED_VARIABLE = YES;
				LLVM_LTO = NO;
				MACOSX_DEPLOYMENT_TARGET = 10.7;
				ONLY_ACTIVE_ARCH = YES;
				OTHER_CFLAGS = "";
				"OTHER_CFLAGS[arch=*]" = "-msse4.1";
				SDKROOT = macosx;
			};
			name = Debug;
		};
		B20961811483117300863694 /* Release */ = {
			isa = XCBuildConfiguration;
			buildSettings = {
				ALWAYS_SEARCH_USER_PATHS = NO;
				ARCHS = "$(ARCHS_STANDARD_64_BIT)";
				COPY_PHASE_STRIP = YES;
				DEBUG_INFORMATION_FORMAT = "dwarf-with-dsym";
				ENABLE_OPENMP_SUPPORT = YES;
				GCC_C_LANGUAGE_STANDARD = gnu99;
				GCC_ENABLE_CPP_EXCEPTIONS = NO;
				GCC_ENABLE_CPP_RTTI = NO;
				GCC_ENABLE_OBJC_EXCEPTIONS = NO;
				GCC_ENABLE_SSE3_EXTENSIONS = YES;
				GCC_ENABLE_SSE41_EXTENSIONS = YES;
				GCC_ENABLE_SSE42_EXTENSIONS = YES;
				GCC_ENABLE_SUPPLEMENTAL_SSE3_INSTRUCTIONS = YES;
				GCC_VERSION = com.apple.compilers.llvmgcc42;
				GCC_WARN_64_TO_32_BIT_CONVERSION = YES;
				GCC_WARN_ABOUT_MISSING_PROTOTYPES = YES;
				GCC_WARN_ABOUT_RETURN_TYPE = YES;
				GCC_WARN_UNUSED_VARIABLE = YES;
				LLVM_LTO = YES;
				MACOSX_DEPLOYMENT_TARGET = 10.7;
				ONLY_ACTIVE_ARCH = YES;
				OTHER_CFLAGS = "";
				"OTHER_CFLAGS[arch=*]" = "-msse4.1";
				SDKROOT = macosx;
			};
			name = Release;
		};
		B20961831483117300863694 /* Debug */ = {
			isa = XCBuildConfiguration;
			buildSettings = {
				HEADER_SEARCH_PATHS = ./rt;
				PRODUCT_NAME = "$(TARGET_NAME)";
			};
			name = Debug;
		};
		B20961841483117300863694 /* Release */ = {
			isa = XCBuildConfiguration;
			buildSettings = {
				HEADER_SEARCH_PATHS = ./rt;
				PRODUCT_NAME = "$(TARGET_NAME)";
			};
			name = Release;
		};
/* End XCBuildConfiguration section */

/* Begin XCConfigurationList section */
		B20961721483117300863694 /* Build configuration list for PBXProject "rt" */ = {
			isa = XCConfigurationList;
			buildConfigurations = (
				B20961801483117300863694 /* Debug */,
				B20961811483117300863694 /* Release */,
			);
			defaultConfigurationIsVisible = 0;
			defaultConfigurationName = Release;
		};
		B20961821483117300863694 /* Build configuration list for PBXNativeTarget "rt" */ = {
			isa = XCConfigurationList;
			buildConfigurations = (
				B20961831483117300863694 /* Debug */,
				B20961841483117300863694 /* Release */,
			);
			defaultConfigurationIsVisible = 0;
			defaultConfigurationName = Release;
		};
/* End XCConfigurationList section */
	};
	rootObject = B209616F1483117300863694 /* Project object */;
}
