// !$*UTF8*$!
{
	archiveVersion = 1;
	classes = {
	};
	objectVersion = 46;
	objects = {

/* Begin PBXBuildFile section */
		B209617D1483117300863694 /* main.cpp in Sources */ = {isa = PBXBuildFile; fileRef = B209617C1483117300863694 /* main.cpp */; };
		B20FAF56150FCEE500846A20 /* PhotonFilter.cpp in Sources */ = {isa = PBXBuildFile; fileRef = B20FAF54150FCEE500846A20 /* PhotonFilter.cpp */; };
		B263223614E7893A00158AF5 /* PhotonMapRenderer.cpp in Sources */ = {isa = PBXBuildFile; fileRef = B263223414E7893A00158AF5 /* PhotonMapRenderer.cpp */; };
		B282457315AE5E64006A3DC1 /* Scene.cpp in Sources */ = {isa = PBXBuildFile; fileRef = B282457215AE5E64006A3DC1 /* Scene.cpp */; };
		B2921B3614CDB970009FBB71 /* PhotonMap.cpp in Sources */ = {isa = PBXBuildFile; fileRef = B2921B3514CDB970009FBB71 /* PhotonMap.cpp */; };
		B2C152C21483DCCE00245AD6 /* OpenGL.framework in Frameworks */ = {isa = PBXBuildFile; fileRef = B2C152C11483DCCE00245AD6 /* OpenGL.framework */; };
		B2C152C51483DCD800245AD6 /* GLUT.framework in Frameworks */ = {isa = PBXBuildFile; fileRef = B2C152C41483DCD800245AD6 /* GLUT.framework */; };
		B2C152C71483DF9700245AD6 /* App.cpp in Sources */ = {isa = PBXBuildFile; fileRef = B2C152C61483DF9700245AD6 /* App.cpp */; };
		B2C152CE14851E8400245AD6 /* smallpt_fmt.cpp in Sources */ = {isa = PBXBuildFile; fileRef = B2C152CD14851E8400245AD6 /* smallpt_fmt.cpp */; };
		B2F4FECF15153367002EB635 /* LightSource.cpp in Sources */ = {isa = PBXBuildFile; fileRef = B2F4FECE15153367002EB635 /* LightSource.cpp */; };
		B2F7F63A1518109900C3F71A /* PostEffect.cpp in Sources */ = {isa = PBXBuildFile; fileRef = B2F7F6381518109900C3F71A /* PostEffect.cpp */; };
/* End PBXBuildFile section */

/* Begin PBXCopyFilesBuildPhase section */
		B20961761483117300863694 /* CopyFiles */ = {
			isa = PBXCopyFilesBuildPhase;
			buildActionMask = 2147483647;
			dstPath = /usr/share/man/man1/;
			dstSubfolderSpec = 0;
			files = (
			);
			runOnlyForDeploymentPostprocessing = 1;
		};
/* End PBXCopyFilesBuildPhase section */

/* Begin PBXFileReference section */
		B20961781483117300863694 /* rt */ = {isa = PBXFileReference; explicitFileType = "compiled.mach-o.executable"; includeInIndex = 0; path = rt; sourceTree = BUILT_PRODUCTS_DIR; };
		B209617C1483117300863694 /* main.cpp */ = {isa = PBXFileReference; lastKnownFileType = sourcecode.cpp.cpp; path = main.cpp; sourceTree = "<group>"; };
		B20FAF54150FCEE500846A20 /* PhotonFilter.cpp */ = {isa = PBXFileReference; fileEncoding = 4; lastKnownFileType = sourcecode.cpp.cpp; path = PhotonFilter.cpp; sourceTree = "<group>"; };
		B20FAF55150FCEE500846A20 /* PhotonFilter.h */ = {isa = PBXFileReference; fileEncoding = 4; lastKnownFileType = sourcecode.c.h; path = PhotonFilter.h; sourceTree = "<group>"; };
		B263223414E7893A00158AF5 /* PhotonMapRenderer.cpp */ = {isa = PBXFileReference; fileEncoding = 4; lastKnownFileType = sourcecode.cpp.cpp; path = PhotonMapRenderer.cpp; sourceTree = "<group>"; };
		B263223514E7893A00158AF5 /* PhotonMapRenderer.h */ = {isa = PBXFileReference; fileEncoding = 4; lastKnownFileType = sourcecode.c.h; path = PhotonMapRenderer.h; sourceTree = "<group>"; };
		B263223814E78A5900158AF5 /* PhotonMap.h */ = {isa = PBXFileReference; fileEncoding = 4; lastKnownFileType = sourcecode.c.h; path = PhotonMap.h; sourceTree = "<group>"; };
		B263223914E7A5B700158AF5 /* Common.h */ = {isa = PBXFileReference; fileEncoding = 4; lastKnownFileType = sourcecode.c.h; path = Common.h; sourceTree = "<group>"; };
		B282457215AE5E64006A3DC1 /* Scene.cpp */ = {isa = PBXFileReference; fileEncoding = 4; lastKnownFileType = sourcecode.cpp.cpp; path = Scene.cpp; sourceTree = "<group>"; };
		B2921B3514CDB970009FBB71 /* PhotonMap.cpp */ = {isa = PBXFileReference; fileEncoding = 4; lastKnownFileType = sourcecode.cpp.cpp; path = PhotonMap.cpp; sourceTree = "<group>"; };
		B29B9DB214B4A248003A0CC2 /* smallpt_fmt.h */ = {isa = PBXFileReference; fileEncoding = 4; lastKnownFileType = sourcecode.c.h; path = smallpt_fmt.h; sourceTree = "<group>"; };
		B2C152C11483DCCE00245AD6 /* OpenGL.framework */ = {isa = PBXFileReference; lastKnownFileType = wrapper.framework; name = OpenGL.framework; path = System/Library/Frameworks/OpenGL.framework; sourceTree = SDKROOT; };
		B2C152C41483DCD800245AD6 /* GLUT.framework */ = {isa = PBXFileReference; lastKnownFileType = wrapper.framework; name = GLUT.framework; path = System/Library/Frameworks/GLUT.framework; sourceTree = SDKROOT; };
		B2C152C61483DF9700245AD6 /* App.cpp */ = {isa = PBXFileReference; fileEncoding = 4; lastKnownFileType = sourcecode.cpp.cpp; path = App.cpp; sourceTree = "<group>"; };
		B2C152C81483E23100245AD6 /* App.h */ = {isa = PBXFileReference; fileEncoding = 4; lastKnownFileType = sourcecode.c.h; path = App.h; sourceTree = "<group>"; };
		B2C152CD14851E8400245AD6 /* smallpt_fmt.cpp */ = {isa = PBXFileReference; fileEncoding = 4; lastKnownFileType = sourcecode.cpp.cpp; path = smallpt_fmt.cpp; sourceTree = "<group>"; };
		B2F4FECC15153359002EB635 /* LightSource.h */ = {isa = PBXFileReference; fileEncoding = 4; lastKnownFileType = sourcecode.c.h; path = LightSource.h; sourceTree = "<group>"; };
		B2F4FECE15153367002EB635 /* LightSource.cpp */ = {isa = PBXFileReference; fileEncoding = 4; lastKnownFileType = sourcecode.cpp.cpp; path = LightSource.cpp; sourceTree = "<group>"; };
		B2F74FCF14F8B861007135DE /* SceneData.cpp */ = {isa = PBXFileReference; fileEncoding = 4; lastKnownFileType = sourcecode.cpp.cpp; path = SceneData.cpp; sourceTree = "<group>"; };
		B2F74FD114F8BB11007135DE /* SceneData.h */ = {isa = PBXFileReference; fileEncoding = 4; lastKnownFileType = sourcecode.c.h; path = SceneData.h; sourceTree = "<group>"; };
		B2F74FD214F8BB42007135DE /* Scene.h */ = {isa = PBXFileReference; fileEncoding = 4; lastKnownFileType = sourcecode.c.h; path = Scene.h; sourceTree = "<group>"; xcLanguageSpecificationIdentifier = xcode.lang.cpp; };
		B2F7F6381518109900C3F71A /* PostEffect.cpp */ = {isa = PBXFileReference; fileEncoding = 4; lastKnownFileType = sourcecode.cpp.cpp; path = PostEffect.cpp; sourceTree = "<group>"; };
		B2F7F6391518109900C3F71A /* PostEffect.h */ = {isa = PBXFileReference; fileEncoding = 4; lastKnownFileType = sourcecode.c.h; path = PostEffect.h; sourceTree = "<group>"; };
/* End PBXFileReference section */

/* Begin PBXFrameworksBuildPhase section */
		B20961751483117300863694 /* Frameworks */ = {
			isa = PBXFrameworksBuildPhase;
			buildActionMask = 2147483647;
			files = (
				B2C152C51483DCD800245AD6 /* GLUT.framework in Frameworks */,
				B2C152C21483DCCE00245AD6 /* OpenGL.framework in Frameworks */,
			);
			runOnlyForDeploymentPostprocessing = 0;
		};
/* End PBXFrameworksBuildPhase section */

/* Begin PBXGroup section */
		B209616D1483117300863694 = {
			isa = PBXGroup;
			children = (
				B2C152C41483DCD800245AD6 /* GLUT.framework */,
				B2C152C11483DCCE00245AD6 /* OpenGL.framework */,
				B209617B1483117300863694 /* rt */,
				B20961791483117300863694 /* Products */,
			);
			sourceTree = "<group>";
		};
		B20961791483117300863694 /* Products */ = {
			isa = PBXGroup;
			children = (
				B20961781483117300863694 /* rt */,
			);
			name = Products;
			sourceTree = "<group>";
		};
		B209617B1483117300863694 /* rt */ = {
			isa = PBXGroup;
			children = (
				B282457515AEF2EC006A3DC1 /* objLoader */,
				B2F7F6381518109900C3F71A /* PostEffect.cpp */,
				B2F7F6391518109900C3F71A /* PostEffect.h */,
				B20FAF54150FCEE500846A20 /* PhotonFilter.cpp */,
				B20FAF55150FCEE500846A20 /* PhotonFilter.h */,
				B2F74FD214F8BB42007135DE /* Scene.h */,
				B282457215AE5E64006A3DC1 /* Scene.cpp */,
				B2F74FD114F8BB11007135DE /* SceneData.h */,
				B2F74FCF14F8B861007135DE /* SceneData.cpp */,
				B263223914E7A5B700158AF5 /* Common.h */,
				B263223814E78A5900158AF5 /* PhotonMap.h */,
				B2921B3514CDB970009FBB71 /* PhotonMap.cpp */,
				B263223414E7893A00158AF5 /* PhotonMapRenderer.cpp */,
				B263223514E7893A00158AF5 /* PhotonMapRenderer.h */,
				B29B9DB214B4A248003A0CC2 /* smallpt_fmt.h */,
				B2C152CD14851E8400245AD6 /* smallpt_fmt.cpp */,
				B209617C1483117300863694 /* main.cpp */,
				B2C152C81483E23100245AD6 /* App.h */,
				B2C152C61483DF9700245AD6 /* App.cpp */,
				B2F4FECC15153359002EB635 /* LightSource.h */,
				B2F4FECE15153367002EB635 /* LightSource.cpp */,
			);
			path = rt;
			sourceTree = "<group>";
		};
		B282457515AEF2EC006A3DC1 /* objLoader */ = {
			isa = PBXGroup;
			children = (
			);
			name = objLoader;
			sourceTree = "<group>";
		};
/* End PBXGroup section */

/* Begin PBXNativeTarget section */
		B20961771483117300863694 /* rt */ = {
			isa = PBXNativeTarget;
			buildConfigurationList = B20961821483117300863694 /* Build configuration list for PBXNativeTarget "rt" */;
			buildPhases = (
				B20961741483117300863694 /* Sources */,
				B20961751483117300863694 /* Frameworks */,
				B20961761483117300863694 /* CopyFiles */,
			);
			buildRules = (
			);
			dependencies = (
			);
			name = rt;
			productName = rt;
			productReference = B20961781483117300863694 /* rt */;
			productType = "com.apple.product-type.tool";
		};
/* End PBXNativeTarget section */

/* Begin PBXProject section */
		B209616F1483117300863694 /* Project object */ = {
			isa = PBXProject;
			buildConfigurationList = B20961721483117300863694 /* Build configuration list for PBXProject "rt" */;
			compatibilityVersion = "Xcode 3.2";
			developmentRegion = English;
			hasScannedForEncodings = 0;
			knownRegions = (
				en,
			);
			mainGroup = B209616D1483117300863694;
			productRefGroup = B20961791483117300863694 /* Products */;
			projectDirPath = "";
			projectRoot = "";
			targets = (
				B20961771483117300863694 /* rt */,
			);
		};
/* End PBXProject section */

/* Begin PBXSourcesBuildPhase section */
		B20961741483117300863694 /* Sources */ = {
			isa = PBXSourcesBuildPhase;
			buildActionMask = 2147483647;
			files = (
				B209617D1483117300863694 /* main.cpp in Sources */,
				B2C152C71483DF9700245AD6 /* App.cpp in Sources */,
				B2C152CE14851E8400245AD6 /* smallpt_fmt.cpp in Sources */,
				B2921B3614CDB970009FBB71 /* PhotonMap.cpp in Sources */,
				B263223614E7893A00158AF5 /* PhotonMapRenderer.cpp in Sources */,
				B20FAF56150FCEE500846A20 /* PhotonFilter.cpp in Sources */,
				B2F4FECF15153367002EB635 /* LightSource.cpp in Sources */,
				B2F7F63A1518109900C3F71A /* PostEffect.cpp in Sources */,
				B282457315AE5E64006A3DC1 /* Scene.cpp in Sources */,
			);
			runOnlyForDeploymentPostprocessing = 0;
		};
/* End PBXSourcesBuildPhase section */

/* Begin XCBuildConfiguration section */
		B20961801483117300863694 /* Debug */ = {
			isa = XCBuildConfiguration;
			buildSettings = {
				ALWAYS_SEARCH_USER_PATHS = NO;
				ARCHS = "$(ARCHS_STANDARD_64_BIT)";
				COPY_PHASE_STRIP = NO;
				GCC_C_LANGUAGE_STANDARD = gnu99;
				GCC_DYNAMIC_NO_PIC = NO;
				GCC_ENABLE_OBJC_EXCEPTIONS = YES;
				GCC_OPTIMIZATION_LEVEL = 0;
				GCC_PREPROCESSOR_DEFINITIONS = (
					"DEBUG=1",
					"$(inherited)",
				);
				GCC_SYMBOLS_PRIVATE_EXTERN = NO;
				GCC_VERSION = com.apple.compilers.llvm.clang.1_0;
				GCC_WARN_64_TO_32_BIT_CONVERSION = YES;
				GCC_WARN_ABOUT_MISSING_PROTOTYPES = YES;
				GCC_WARN_ABOUT_RETURN_TYPE = YES;
				GCC_WARN_UNUSED_VARIABLE = YES;
				MACOSX_DEPLOYMENT_TARGET = 10.7;
				ONLY_ACTIVE_ARCH = YES;
				SDKROOT = macosx;
			};
			name = Debug;
		};
		B20961811483117300863694 /* Release */ = {
			isa = XCBuildConfiguration;
			buildSettings = {
				ALWAYS_SEARCH_USER_PATHS = NO;
				ARCHS = "$(ARCHS_STANDARD_64_BIT)";
				COPY_PHASE_STRIP = YES;
				DEBUG_INFORMATION_FORMAT = "dwarf-with-dsym";
				GCC_C_LANGUAGE_STANDARD = gnu99;
				GCC_ENABLE_OBJC_EXCEPTIONS = YES;
				GCC_VERSION = com.apple.compilers.llvm.clang.1_0;
				GCC_WARN_64_TO_32_BIT_CONVERSION = YES;
				GCC_WARN_ABOUT_MISSING_PROTOTYPES = YES;
				GCC_WARN_ABOUT_RETURN_TYPE = YES;
				GCC_WARN_UNUSED_VARIABLE = YES;
				MACOSX_DEPLOYMENT_TARGET = 10.7;
				SDKROOT = macosx;
			};
			name = Release;
		};
		B20961831483117300863694 /* Debug */ = {
			isa = XCBuildConfiguration;
			buildSettings = {
				PRODUCT_NAME = "$(TARGET_NAME)";
			};
			name = Debug;
		};
		B20961841483117300863694 /* Release */ = {
			isa = XCBuildConfiguration;
			buildSettings = {
				PRODUCT_NAME = "$(TARGET_NAME)";
			};
			name = Release;
		};
/* End XCBuildConfiguration section */

/* Begin XCConfigurationList section */
		B20961721483117300863694 /* Build configuration list for PBXProject "rt" */ = {
			isa = XCConfigurationList;
			buildConfigurations = (
				B20961801483117300863694 /* Debug */,
				B20961811483117300863694 /* Release */,
			);
			defaultConfigurationIsVisible = 0;
			defaultConfigurationName = Release;
		};
		B20961821483117300863694 /* Build configuration list for PBXNativeTarget "rt" */ = {
			isa = XCConfigurationList;
			buildConfigurations = (
				B20961831483117300863694 /* Debug */,
				B20961841483117300863694 /* Release */,
			);
			defaultConfigurationIsVisible = 0;
			defaultConfigurationName = Release;
		};
/* End XCConfigurationList section */
	};
	rootObject = B209616F1483117300863694 /* Project object */;
}
